
Microsoft Visual Studio Solution File, Format Version 12.00
# Visual Studio Version 17
VisualStudioVersion = 17.6.33815.320
MinimumVisualStudioVersion = 10.0.40219.1
Project("{9A19103F-16F7-4668-BE54-9A1E7A4F7556}") = "Xakpc.RazorHtmx", "Xakpc.RazorHtmx\Xakpc.RazorHtmx.csproj", "{0BDB1BC3-7604-4E73-A2DD-84D5105FAB98}"
EndProject
Project("{FAE04EC0-301F-11D3-BF4B-00C04F79EFBC}") = "Xakpc.MinimalApiHtmx", "Xakpc.MinimalApiHtmx\Xakpc.MinimalApiHtmx.csproj", "{220ED9BB-327A-4CA9-9CA2-4F6D1356F0FF}"
EndProject
Global
	GlobalSection(SolutionConfigurationPlatforms) = preSolution
		Debug|Any CPU = Debug|Any CPU
		Debug|arm64 = Debug|arm64
		Debug|x86 = Debug|x86
		Release|Any CPU = Release|Any CPU
		Release|arm64 = Release|arm64
		Release|x86 = Release|x86
	EndGlobalSection
	GlobalSection(ProjectConfigurationPlatforms) = postSolution
		{0BDB1BC3-7604-4E73-A2DD-84D5105FAB98}.Debug|Any CPU.ActiveCfg = Debug|Any CPU
		{0BDB1BC3-7604-4E73-A2DD-84D5105FAB98}.Debug|Any CPU.Build.0 = Debug|Any CPU
		{0BDB1BC3-7604-4E73-A2DD-84D5105FAB98}.Debug|arm64.ActiveCfg = Debug|Any CPU
		{0BDB1BC3-7604-4E73-A2DD-84D5105FAB98}.Debug|arm64.Build.0 = Debug|Any CPU
		{0BDB1BC3-7604-4E73-A2DD-84D5105FAB98}.Debug|x86.ActiveCfg = Debug|Any CPU
		{0BDB1BC3-7604-4E73-A2DD-84D5105FAB98}.Debug|x86.Build.0 = Debug|Any CPU
		{0BDB1BC3-7604-4E73-A2DD-84D5105FAB98}.Release|Any CPU.ActiveCfg = Release|Any CPU
		{0BDB1BC3-7604-4E73-A2DD-84D5105FAB98}.Release|Any CPU.Build.0 = Release|Any CPU
		{0BDB1BC3-7604-4E73-A2DD-84D5105FAB98}.Release|arm64.ActiveCfg = Release|Any CPU
		{0BDB1BC3-7604-4E73-A2DD-84D5105FAB98}.Release|arm64.Build.0 = Release|Any CPU
		{0BDB1BC3-7604-4E73-A2DD-84D5105FAB98}.Release|x86.ActiveCfg = Release|Any CPU
		{0BDB1BC3-7604-4E73-A2DD-84D5105FAB98}.Release|x86.Build.0 = Release|Any CPU
		{220ED9BB-327A-4CA9-9CA2-4F6D1356F0FF}.Debug|Any CPU.ActiveCfg = Debug|Any CPU
		{220ED9BB-327A-4CA9-9CA2-4F6D1356F0FF}.Debug|Any CPU.Build.0 = Debug|Any CPU
		{220ED9BB-327A-4CA9-9CA2-4F6D1356F0FF}.Debug|arm64.ActiveCfg = Debug|Any CPU
		{220ED9BB-327A-4CA9-9CA2-4F6D1356F0FF}.Debug|arm64.Build.0 = Debug|Any CPU
		{220ED9BB-327A-4CA9-9CA2-4F6D1356F0FF}.Debug|x86.ActiveCfg = Debug|Any CPU
		{220ED9BB-327A-4CA9-9CA2-4F6D1356F0FF}.Debug|x86.Build.0 = Debug|Any CPU
		{220ED9BB-327A-4CA9-9CA2-4F6D1356F0FF}.Release|Any CPU.ActiveCfg = Release|Any CPU
		{220ED9BB-327A-4CA9-9CA2-4F6D1356F0FF}.Release|Any CPU.Build.0 = Release|Any CPU
		{220ED9BB-327A-4CA9-9CA2-4F6D1356F0FF}.Release|arm64.ActiveCfg = Release|Any CPU
		{220ED9BB-327A-4CA9-9CA2-4F6D1356F0FF}.Release|arm64.Build.0 = Release|Any CPU
		{220ED9BB-327A-4CA9-9CA2-4F6D1356F0FF}.Release|x86.ActiveCfg = Release|Any CPU
		{220ED9BB-327A-4CA9-9CA2-4F6D1356F0FF}.Release|x86.Build.0 = Release|Any CPU
	EndGlobalSection
	GlobalSection(SolutionProperties) = preSolution
		HideSolutionNode = FALSE
	EndGlobalSection
	GlobalSection(ExtensibilityGlobals) = postSolution
		SolutionGuid = {DAEB5F7A-338E-42DA-A1DB-F44E292B4945}
	EndGlobalSection
EndGlobal
